{
  "name": "disable-touchpad-gestures",
  "version": "0.2.0",
  "lockfileVersion": 3,
  "requires": true,
  "packages": {
    "": {
      "name": "disable-touchpad-gestures",
      "version": "0.2.0",
      "license": "GPLv3",
      "dependencies": {
        "@girs/gjs": "^4.0.0-beta.16",
        "@girs/gnome-shell": "^46.0.2"
      },
      "devDependencies": {
        "typescript": "^5.6.2"
      }
    },
    "node_modules/@girs/accountsservice-1.0": {
      "version": "1.0.0-4.0.0-beta.16",
      "resolved": "https://registry.npmjs.org/@girs/accountsservice-1.0/-/accountsservice-1.0-1.0.0-4.0.0-beta.16.tgz",
      "integrity": "sha512-g4+3G948dI3APDcFFDO1XaIG7w15MEXkjjmu+Fu3AVK6Aa8edTClhnmuwuZrzVSZBS6880dZ18rJngjCNCHT7w==",
      "license": "MIT",
      "dependencies": {
        "@girs/gio-2.0": "^2.82.0-4.0.0-beta.16",
        "@girs/gjs": "^4.0.0-beta.16",
        "@girs/glib-2.0": "^2.82.0-4.0.0-beta.16",
        "@girs/gmodule-2.0": "^2.0.0-4.0.0-beta.16",
        "@girs/gobject-2.0": "^2.82.0-4.0.0-beta.16"
      }
    },
    "node_modules/@girs/adw-1": {
      "version": "1.6.0-4.0.0-beta.16",
      "resolved": "https://registry.npmjs.org/@girs/adw-1/-/adw-1-1.6.0-4.0.0-beta.16.tgz",
      "integrity": "sha512-ck4+j77/CFmJu1JausjyEfT54CmASQgd6J74BZRWRQyJYj+z2J+x0YJ8EON+HcX8Sh6KvlyD8ydg4pmTpgO2/w==",
      "license": "MIT",
      "dependencies": {
        "@girs/cairo-1.0": "^1.0.0-4.0.0-beta.16",
        "@girs/freetype2-2.0": "^2.0.0-4.0.0-beta.16",
        "@girs/gdk-4.0": "^4.0.0-4.0.0-beta.16",
        "@girs/gdkpixbuf-2.0": "^2.0.0-4.0.0-beta.16",
        "@girs/gio-2.0": "^2.82.0-4.0.0-beta.16",
        "@girs/gjs": "^4.0.0-beta.16",
        "@girs/glib-2.0": "^2.82.0-4.0.0-beta.16",
        "@girs/gmodule-2.0": "^2.0.0-4.0.0-beta.16",
        "@girs/gobject-2.0": "^2.82.0-4.0.0-beta.16",
        "@girs/graphene-1.0": "^1.0.0-4.0.0-beta.16",
        "@girs/gsk-4.0": "^4.0.0-4.0.0-beta.16",
        "@girs/gtk-4.0": "^4.15.5-4.0.0-beta.16",
        "@girs/harfbuzz-0.0": "^9.0.0-4.0.0-beta.16",
        "@girs/pango-1.0": "^1.54.0-4.0.0-beta.16",
        "@girs/pangocairo-1.0": "^1.0.0-4.0.0-beta.16"
      }
    },
    "node_modules/@girs/adw-1/node_modules/@girs/gtk-4.0": {
      "version": "4.15.5-4.0.0-beta.16",
      "resolved": "https://registry.npmjs.org/@girs/gtk-4.0/-/gtk-4.0-4.15.5-4.0.0-beta.16.tgz",
      "integrity": "sha512-WRXMigOONl5BkVENUS+lOnUNZOcZE6BXO6OOJTUOfooPYtr2jJkzv/90ZmXvWtd8TGZTXbfxDnuTk1nShkiDRA==",
      "license": "MIT",
      "dependencies": {
        "@girs/cairo-1.0": "^1.0.0-4.0.0-beta.16",
        "@girs/freetype2-2.0": "^2.0.0-4.0.0-beta.16",
        "@girs/gdk-4.0": "^4.0.0-4.0.0-beta.16",
        "@girs/gdkpixbuf-2.0": "^2.0.0-4.0.0-beta.16",
        "@girs/gio-2.0": "^2.82.0-4.0.0-beta.16",
        "@girs/gjs": "^4.0.0-beta.16",
        "@girs/glib-2.0": "^2.82.0-4.0.0-beta.16",
        "@girs/gmodule-2.0": "^2.0.0-4.0.0-beta.16",
        "@girs/gobject-2.0": "^2.82.0-4.0.0-beta.16",
        "@girs/graphene-1.0": "^1.0.0-4.0.0-beta.16",
        "@girs/gsk-4.0": "^4.0.0-4.0.0-beta.16",
        "@girs/harfbuzz-0.0": "^9.0.0-4.0.0-beta.16",
        "@girs/pango-1.0": "^1.54.0-4.0.0-beta.16",
        "@girs/pangocairo-1.0": "^1.0.0-4.0.0-beta.16"
      }
    },
    "node_modules/@girs/atk-1.0": {
      "version": "2.52.0-4.0.0-beta.15",
      "resolved": "https://registry.npmjs.org/@girs/atk-1.0/-/atk-1.0-2.52.0-4.0.0-beta.15.tgz",
      "integrity": "sha512-/3l0yE/xyxhnIlju8moS+OlRir3gxCoaxXNrdpDXKiPAz/sBMYN4PGBgbd/7rYljMJEwnZMC2o9tyTKsIYaSwQ==",
      "license": "MIT",
      "dependencies": {
        "@girs/gjs": "^4.0.0-beta.15",
        "@girs/glib-2.0": "^2.80.3-4.0.0-beta.15",
        "@girs/gobject-2.0": "^2.80.3-4.0.0-beta.15"
      }
    },
    "node_modules/@girs/atk-1.0/node_modules/@girs/glib-2.0": {
      "version": "2.80.3-4.0.0-beta.15",
      "resolved": "https://registry.npmjs.org/@girs/glib-2.0/-/glib-2.0-2.80.3-4.0.0-beta.15.tgz",
      "integrity": "sha512-v9UJ83i+zFnicPsjYhw54Q55DVQ6oqfmef4EKXvsfjKYZF7WiaUWVp/dGAIUzanR0FGbdme6myZRJvYZp9EHcA==",
      "license": "MIT",
      "dependencies": {
        "@girs/gjs": "^4.0.0-beta.15",
        "@girs/gobject-2.0": "^2.80.3-4.0.0-beta.15"
      }
    },
    "node_modules/@girs/atk-1.0/node_modules/@girs/gobject-2.0": {
      "version": "2.80.3-4.0.0-beta.15",
      "resolved": "https://registry.npmjs.org/@girs/gobject-2.0/-/gobject-2.0-2.80.3-4.0.0-beta.15.tgz",
      "integrity": "sha512-/t1B/aaEMEa/MCIeBc69RQBI+b0kdUyY27FWIPNoG8QOXB4DNe07O9N3p1w7+QDmqw8dkLJMFexfFwdQ+5LC9w==",
      "license": "MIT",
      "dependencies": {
        "@girs/gjs": "^4.0.0-beta.15",
        "@girs/glib-2.0": "^2.80.3-4.0.0-beta.15"
      }
    },
    "node_modules/@girs/cairo-1.0": {
      "version": "1.0.0-4.0.0-beta.16",
      "resolved": "https://registry.npmjs.org/@girs/cairo-1.0/-/cairo-1.0-1.0.0-4.0.0-beta.16.tgz",
      "integrity": "sha512-nIrOvL73lhCHB/4n4ro7Ud4XaR0DrUg+MvCN/B42L2eCS8YIZ0MHZ+Fma0shifDQyv8uoopHfE5I7X/v7VOYFg==",
      "license": "MIT",
      "dependencies": {
        "@girs/gjs": "^4.0.0-beta.16",
        "@girs/glib-2.0": "^2.82.0-4.0.0-beta.16",
        "@girs/gobject-2.0": "^2.82.0-4.0.0-beta.16"
      }
    },
    "node_modules/@girs/cally-14": {
      "version": "14.0.0-4.0.0-beta.16",
      "resolved": "https://registry.npmjs.org/@girs/cally-14/-/cally-14-14.0.0-4.0.0-beta.16.tgz",
      "integrity": "sha512-QD4pH4Mj8rIhIP+LMOqGDMeiRKQ1ONY0Gn/ZUuLCGwzcH51F7ubhHYYA0tmDzBbzM1yQLWL2yhuRhT+SYa9IOw==",
      "license": "MIT",
      "dependencies": {
        "@girs/atk-1.0": "^2.53.1-4.0.0-beta.16",
        "@girs/cairo-1.0": "^1.0.0-4.0.0-beta.16",
        "@girs/clutter-14": "^14.0.0-4.0.0-beta.16",
        "@girs/cogl-14": "^14.0.0-4.0.0-beta.16",
        "@girs/coglpango-14": "^14.0.0-4.0.0-beta.16",
        "@girs/freetype2-2.0": "^2.0.0-4.0.0-beta.16",
        "@girs/gio-2.0": "^2.82.0-4.0.0-beta.16",
        "@girs/gjs": "^4.0.0-beta.16",
        "@girs/gl-1.0": "^1.0.0-4.0.0-beta.16",
        "@girs/glib-2.0": "^2.82.0-4.0.0-beta.16",
        "@girs/gmodule-2.0": "^2.0.0-4.0.0-beta.16",
        "@girs/gobject-2.0": "^2.82.0-4.0.0-beta.16",
        "@girs/graphene-1.0": "^1.0.0-4.0.0-beta.16",
        "@girs/harfbuzz-0.0": "^9.0.0-4.0.0-beta.16",
        "@girs/mtk-14": "^14.0.0-4.0.0-beta.16",
        "@girs/pango-1.0": "^1.54.0-4.0.0-beta.16",
        "@girs/pangocairo-1.0": "^1.0.0-4.0.0-beta.16",
        "@girs/xlib-2.0": "^2.0.0-4.0.0-beta.16"
      }
    },
    "node_modules/@girs/cally-14/node_modules/@girs/atk-1.0": {
      "version": "2.53.1-4.0.0-beta.16",
      "resolved": "https://registry.npmjs.org/@girs/atk-1.0/-/atk-1.0-2.53.1-4.0.0-beta.16.tgz",
      "integrity": "sha512-PqF8SK3zBqxeBcXbeimoio0+dGHoRrn1r/DI/CumLJbE9vgvG8G0E/5U7Y3ELNNRurOx4KLbpb1HmLAyTP3S3w==",
      "license": "MIT",
      "dependencies": {
        "@girs/gjs": "^4.0.0-beta.16",
        "@girs/glib-2.0": "^2.82.0-4.0.0-beta.16",
        "@girs/gobject-2.0": "^2.82.0-4.0.0-beta.16"
      }
    },
    "node_modules/@girs/clutter-14": {
      "version": "14.0.0-4.0.0-beta.16",
      "resolved": "https://registry.npmjs.org/@girs/clutter-14/-/clutter-14-14.0.0-4.0.0-beta.16.tgz",
      "integrity": "sha512-aWBUwYfETPR2z3oMOygbKSBrdFr7c1OtjFpwAfjYRXKHy+loEjf+eRFWbnk7/UZgN0SqvZjfB3I5ji2RvhtWmg==",
      "license": "MIT",
      "dependencies": {
        "@girs/atk-1.0": "^2.53.1-4.0.0-beta.16",
        "@girs/cairo-1.0": "^1.0.0-4.0.0-beta.16",
        "@girs/cogl-14": "^14.0.0-4.0.0-beta.16",
        "@girs/coglpango-14": "^14.0.0-4.0.0-beta.16",
        "@girs/freetype2-2.0": "^2.0.0-4.0.0-beta.16",
        "@girs/gio-2.0": "^2.82.0-4.0.0-beta.16",
        "@girs/gjs": "^4.0.0-beta.16",
        "@girs/gl-1.0": "^1.0.0-4.0.0-beta.16",
        "@girs/glib-2.0": "^2.82.0-4.0.0-beta.16",
        "@girs/gmodule-2.0": "^2.0.0-4.0.0-beta.16",
        "@girs/gobject-2.0": "^2.82.0-4.0.0-beta.16",
        "@girs/graphene-1.0": "^1.0.0-4.0.0-beta.16",
        "@girs/harfbuzz-0.0": "^9.0.0-4.0.0-beta.16",
        "@girs/mtk-14": "^14.0.0-4.0.0-beta.16",
        "@girs/pango-1.0": "^1.54.0-4.0.0-beta.16",
        "@girs/pangocairo-1.0": "^1.0.0-4.0.0-beta.16",
        "@girs/xlib-2.0": "^2.0.0-4.0.0-beta.16"
      }
    },
    "node_modules/@girs/clutter-14/node_modules/@girs/atk-1.0": {
      "version": "2.53.1-4.0.0-beta.16",
      "resolved": "https://registry.npmjs.org/@girs/atk-1.0/-/atk-1.0-2.53.1-4.0.0-beta.16.tgz",
      "integrity": "sha512-PqF8SK3zBqxeBcXbeimoio0+dGHoRrn1r/DI/CumLJbE9vgvG8G0E/5U7Y3ELNNRurOx4KLbpb1HmLAyTP3S3w==",
      "license": "MIT",
      "dependencies": {
        "@girs/gjs": "^4.0.0-beta.16",
        "@girs/glib-2.0": "^2.82.0-4.0.0-beta.16",
        "@girs/gobject-2.0": "^2.82.0-4.0.0-beta.16"
      }
    },
    "node_modules/@girs/cogl-14": {
      "version": "14.0.0-4.0.0-beta.16",
      "resolved": "https://registry.npmjs.org/@girs/cogl-14/-/cogl-14-14.0.0-4.0.0-beta.16.tgz",
      "integrity": "sha512-rbSW/azu5WpWQqfHSV8d8whLR/n90lrlfi+ofRuMwqYIn5E/Ppq185o2dWu9yWJE/KILJ9A/kjuERLMjIwaNzg==",
      "license": "MIT",
      "dependencies": {
        "@girs/gjs": "^4.0.0-beta.16",
        "@girs/gl-1.0": "^1.0.0-4.0.0-beta.16",
        "@girs/glib-2.0": "^2.82.0-4.0.0-beta.16",
        "@girs/gobject-2.0": "^2.82.0-4.0.0-beta.16",
        "@girs/graphene-1.0": "^1.0.0-4.0.0-beta.16",
        "@girs/mtk-14": "^14.0.0-4.0.0-beta.16",
        "@girs/xlib-2.0": "^2.0.0-4.0.0-beta.16"
      }
    },
    "node_modules/@girs/cogl-2.0": {
      "version": "2.0.0-4.0.0-beta.16",
      "resolved": "https://registry.npmjs.org/@girs/cogl-2.0/-/cogl-2.0-2.0.0-4.0.0-beta.16.tgz",
      "integrity": "sha512-mB1ns4tTeDkhUlNtNPj53ZEpgI1EYmXxXZT7m5oT4/rC5xb2LMPiNN3a1BwMlBqHXZFT/LJo/XcNDRs2e1e2hQ==",
      "license": "MIT",
      "dependencies": {
        "@girs/gjs": "^4.0.0-beta.16",
        "@girs/gl-1.0": "^1.0.0-4.0.0-beta.16",
        "@girs/glib-2.0": "^2.82.0-4.0.0-beta.16",
        "@girs/gobject-2.0": "^2.82.0-4.0.0-beta.16"
      }
    },
    "node_modules/@girs/coglpango-14": {
      "version": "14.0.0-4.0.0-beta.16",
      "resolved": "https://registry.npmjs.org/@girs/coglpango-14/-/coglpango-14-14.0.0-4.0.0-beta.16.tgz",
      "integrity": "sha512-PaRkGYs0iEtHitMejw9E6Ew20tzV8n/2YaWxqQ0BqtOx/vFrrt+dIk+Yuv5PJh2izT42lAHA2tZVpYHd3D36Aw==",
      "license": "MIT",
      "dependencies": {
        "@girs/cairo-1.0": "^1.0.0-4.0.0-beta.16",
        "@girs/cogl-14": "^14.0.0-4.0.0-beta.16",
        "@girs/freetype2-2.0": "^2.0.0-4.0.0-beta.16",
        "@girs/gio-2.0": "^2.82.0-4.0.0-beta.16",
        "@girs/gjs": "^4.0.0-beta.16",
        "@girs/gl-1.0": "^1.0.0-4.0.0-beta.16",
        "@girs/glib-2.0": "^2.82.0-4.0.0-beta.16",
        "@girs/gmodule-2.0": "^2.0.0-4.0.0-beta.16",
        "@girs/gobject-2.0": "^2.82.0-4.0.0-beta.16",
        "@girs/graphene-1.0": "^1.0.0-4.0.0-beta.16",
        "@girs/harfbuzz-0.0": "^9.0.0-4.0.0-beta.16",
        "@girs/mtk-14": "^14.0.0-4.0.0-beta.16",
        "@girs/pango-1.0": "^1.54.0-4.0.0-beta.16",
        "@girs/pangocairo-1.0": "^1.0.0-4.0.0-beta.16",
        "@girs/xlib-2.0": "^2.0.0-4.0.0-beta.16"
      }
    },
    "node_modules/@girs/freetype2-2.0": {
      "version": "2.0.0-4.0.0-beta.16",
      "resolved": "https://registry.npmjs.org/@girs/freetype2-2.0/-/freetype2-2.0-2.0.0-4.0.0-beta.16.tgz",
      "integrity": "sha512-djReh9OOKW5vG8t94ie4mQmsUWS4qgLWLMBIFg/KKcCrGHYgwkcSafLnnn/5HyRgdz6qxoFm6N3C+AJEcYYz6A==",
      "license": "MIT",
      "dependencies": {
        "@girs/gjs": "^4.0.0-beta.16",
        "@girs/gobject-2.0": "^2.82.0-4.0.0-beta.16"
      }
    },
    "node_modules/@girs/gck-2": {
      "version": "4.3.0-4.0.0-beta.16",
      "resolved": "https://registry.npmjs.org/@girs/gck-2/-/gck-2-4.3.0-4.0.0-beta.16.tgz",
      "integrity": "sha512-likq9sWtB8WQtGX0XpoV73545kjC7WJCATzOSzjCMaKqoiflA16P3+8tqLFw+Xyos3BY/0wiZ1388feP8Pw3qQ==",
      "license": "MIT",
      "dependencies": {
        "@girs/gio-2.0": "^2.82.0-4.0.0-beta.16",
        "@girs/gjs": "^4.0.0-beta.16",
        "@girs/glib-2.0": "^2.82.0-4.0.0-beta.16",
        "@girs/gmodule-2.0": "^2.0.0-4.0.0-beta.16",
        "@girs/gobject-2.0": "^2.82.0-4.0.0-beta.16"
      }
    },
    "node_modules/@girs/gcr-4": {
      "version": "4.3.0-4.0.0-beta.16",
      "resolved": "https://registry.npmjs.org/@girs/gcr-4/-/gcr-4-4.3.0-4.0.0-beta.16.tgz",
      "integrity": "sha512-74v0NjdSKDtq+oB0dUgeMUKO8VDz0gZ6AHqPfu+wvKcioP1X+HGcNh+NwpHYigK7smZTQhDrAUGtvLm0n3AfUw==",
      "license": "MIT",
      "dependencies": {
        "@girs/gck-2": "^4.3.0-4.0.0-beta.16",
        "@girs/gio-2.0": "^2.82.0-4.0.0-beta.16",
        "@girs/gjs": "^4.0.0-beta.16",
        "@girs/glib-2.0": "^2.82.0-4.0.0-beta.16",
        "@girs/gmodule-2.0": "^2.0.0-4.0.0-beta.16",
        "@girs/gobject-2.0": "^2.82.0-4.0.0-beta.16"
      }
    },
    "node_modules/@girs/gdesktopenums-3.0": {
      "version": "3.0.0-4.0.0-beta.16",
      "resolved": "https://registry.npmjs.org/@girs/gdesktopenums-3.0/-/gdesktopenums-3.0-3.0.0-4.0.0-beta.16.tgz",
      "integrity": "sha512-di9mYw1Tu++Z+htJqJHSelLAJxDGhpOzTDPpncTTj7SHx5PqX5ZO7IhmQ+9Rey6MOUV9GsFOB1fuJsMlupxn3g==",
      "license": "MIT",
      "dependencies": {
        "@girs/gjs": "^4.0.0-beta.16",
        "@girs/gobject-2.0": "^2.82.0-4.0.0-beta.16"
      }
    },
    "node_modules/@girs/gdk-4.0": {
      "version": "4.0.0-4.0.0-beta.16",
      "resolved": "https://registry.npmjs.org/@girs/gdk-4.0/-/gdk-4.0-4.0.0-4.0.0-beta.16.tgz",
      "integrity": "sha512-vVi22uEwYvXjW9+3Y1SOEPELx+QcXur8OBHDTTC9A4PSFa7LxHWxyDfa39kllq1gp160G4mQ4ae8Sm1FDza1AA==",
      "license": "MIT",
      "dependencies": {
        "@girs/cairo-1.0": "^1.0.0-4.0.0-beta.16",
        "@girs/freetype2-2.0": "^2.0.0-4.0.0-beta.16",
        "@girs/gdkpixbuf-2.0": "^2.0.0-4.0.0-beta.16",
        "@girs/gio-2.0": "^2.82.0-4.0.0-beta.16",
        "@girs/gjs": "^4.0.0-beta.16",
        "@girs/glib-2.0": "^2.82.0-4.0.0-beta.16",
        "@girs/gmodule-2.0": "^2.0.0-4.0.0-beta.16",
        "@girs/gobject-2.0": "^2.82.0-4.0.0-beta.16",
        "@girs/harfbuzz-0.0": "^9.0.0-4.0.0-beta.16",
        "@girs/pango-1.0": "^1.54.0-4.0.0-beta.16",
        "@girs/pangocairo-1.0": "^1.0.0-4.0.0-beta.16"
      }
    },
    "node_modules/@girs/gdkpixbuf-2.0": {
      "version": "2.0.0-4.0.0-beta.16",
      "resolved": "https://registry.npmjs.org/@girs/gdkpixbuf-2.0/-/gdkpixbuf-2.0-2.0.0-4.0.0-beta.16.tgz",
      "integrity": "sha512-d4v7fGCuegpf5sscnMsOCjeuQgJjUJ4+Gozr+wFL30Are944V1FYWrdWP1GgIaNnBeWXY43D58YFQhsfFi+bWg==",
      "license": "MIT",
      "dependencies": {
        "@girs/gio-2.0": "^2.82.0-4.0.0-beta.16",
        "@girs/gjs": "^4.0.0-beta.16",
        "@girs/glib-2.0": "^2.82.0-4.0.0-beta.16",
        "@girs/gmodule-2.0": "^2.0.0-4.0.0-beta.16",
        "@girs/gobject-2.0": "^2.82.0-4.0.0-beta.16"
      }
    },
    "node_modules/@girs/gdm-1.0": {
      "version": "1.0.0-4.0.0-beta.16",
      "resolved": "https://registry.npmjs.org/@girs/gdm-1.0/-/gdm-1.0-1.0.0-4.0.0-beta.16.tgz",
      "integrity": "sha512-pfoSspUtiX3fNLnYTk8wn7H7aMxAWtSaRiXzhAGaO2A1iRy2yJ46nwEWvdgLdG7gN5dRWQNYGghh/27sC7jRRQ==",
      "license": "MIT",
      "dependencies": {
        "@girs/gio-2.0": "^2.82.0-4.0.0-beta.16",
        "@girs/gjs": "^4.0.0-beta.16",
        "@girs/glib-2.0": "^2.82.0-4.0.0-beta.16",
        "@girs/gmodule-2.0": "^2.0.0-4.0.0-beta.16",
        "@girs/gobject-2.0": "^2.82.0-4.0.0-beta.16"
      }
    },
    "node_modules/@girs/gio-2.0": {
      "version": "2.82.0-4.0.0-beta.16",
      "resolved": "https://registry.npmjs.org/@girs/gio-2.0/-/gio-2.0-2.82.0-4.0.0-beta.16.tgz",
      "integrity": "sha512-5JW6qgyzh3OW7dEihP+h2ZtXWw7kDXi/ra63ZscnYqUIuoebqaSB66HFzd3AMyDYYQ7j8IGZdJCog+6kKwnk8Q==",
      "license": "MIT",
      "dependencies": {
        "@girs/gjs": "^4.0.0-beta.16",
        "@girs/glib-2.0": "^2.82.0-4.0.0-beta.16",
        "@girs/gmodule-2.0": "^2.0.0-4.0.0-beta.16",
        "@girs/gobject-2.0": "^2.82.0-4.0.0-beta.16"
      }
    },
    "node_modules/@girs/gjs": {
      "version": "4.0.0-beta.16",
      "resolved": "https://registry.npmjs.org/@girs/gjs/-/gjs-4.0.0-beta.16.tgz",
      "integrity": "sha512-UjWj6GXXCqJ+z8DdzQ2XYxl1IqzgcIOIs6BTcEsXQfaZx9704GNpd9PRcqOKj7hVe2VGqO5VdIbk80u9Bo+lUQ==",
      "license": "MIT",
      "dependencies": {
        "@girs/cairo-1.0": "^1.0.0-4.0.0-beta.16",
        "@girs/gio-2.0": "^2.82.0-4.0.0-beta.16",
        "@girs/glib-2.0": "^2.82.0-4.0.0-beta.16",
        "@girs/gobject-2.0": "^2.82.0-4.0.0-beta.16"
      }
    },
    "node_modules/@girs/gl-1.0": {
      "version": "1.0.0-4.0.0-beta.16",
      "resolved": "https://registry.npmjs.org/@girs/gl-1.0/-/gl-1.0-1.0.0-4.0.0-beta.16.tgz",
      "integrity": "sha512-/0zdgA+ptwjhW70XnkaNPYJF5mA/H0L9x3bacA+Pj1VwuGGppHFpT/PYvqaDeOPpOMUUCgBrJXXqTt3gh6b6lQ==",
      "license": "MIT",
      "dependencies": {
        "@girs/gjs": "^4.0.0-beta.16",
        "@girs/gobject-2.0": "^2.82.0-4.0.0-beta.16"
      }
    },
    "node_modules/@girs/glib-2.0": {
      "version": "2.82.0-4.0.0-beta.16",
      "resolved": "https://registry.npmjs.org/@girs/glib-2.0/-/glib-2.0-2.82.0-4.0.0-beta.16.tgz",
      "integrity": "sha512-YZjsythyPhClrq0uEGq8rBJ8ER0iBPf3alr1kkSOt28tDG4tn0Rv2kudHEKsFenlFjzhYVOMrJSjVvsxtcqRUQ==",
      "license": "MIT",
      "dependencies": {
        "@girs/gjs": "^4.0.0-beta.16",
        "@girs/gobject-2.0": "^2.82.0-4.0.0-beta.16"
      }
    },
    "node_modules/@girs/gmodule-2.0": {
      "version": "2.0.0-4.0.0-beta.16",
      "resolved": "https://registry.npmjs.org/@girs/gmodule-2.0/-/gmodule-2.0-2.0.0-4.0.0-beta.16.tgz",
      "integrity": "sha512-jhl7j0JOtttJnOFQ4OypPjGP5DL8AlEiSsd8YKpXI3CEC7tUFZXHq+/mymFeZ6m4GFLEdC4j0efl9roPTSEYnA==",
      "license": "MIT",
      "dependencies": {
        "@girs/gjs": "^4.0.0-beta.16",
        "@girs/glib-2.0": "^2.82.0-4.0.0-beta.16",
        "@girs/gobject-2.0": "^2.82.0-4.0.0-beta.16"
      }
    },
    "node_modules/@girs/gnome-shell": {
      "version": "46.0.2",
      "resolved": "https://registry.npmjs.org/@girs/gnome-shell/-/gnome-shell-46.0.2.tgz",
      "integrity": "sha512-3200N6FZstRaDndKm2lDZ7ZeeutJoa+dm8pqU1J6a7PYL0H+JGZIDtarcBWCfMBnIvcFeT7y8vgdooe8X3y3KA==",
      "license": "MIT",
      "dependencies": {
        "@girs/accountsservice-1.0": "^1.0.0-4.0.0-beta.12",
        "@girs/adw-1": "^1.6.0-4.0.0-beta.12",
        "@girs/atk-1.0": "^2.52.0-4.0.0-beta.12",
        "@girs/cally-14": "^14.0.0-4.0.0-beta.12",
        "@girs/clutter-14": "^14.0.0-4.0.0-beta.12",
        "@girs/cogl-2.0": "^2.0.0-4.0.0-beta.12",
        "@girs/gcr-4": "^4.3.0-4.0.0-beta.12",
        "@girs/gdm-1.0": "^1.0.0-4.0.0-beta.12",
        "@girs/gio-2.0": "^2.80.3-4.0.0-beta.12",
        "@girs/gjs": "^4.0.0-beta.12",
        "@girs/glib-2.0": "^2.80.3-4.0.0-beta.12",
        "@girs/gnomebg-4.0": "^4.0.0-4.0.0-beta.12",
        "@girs/gnomebluetooth-3.0": "^3.0.0-4.0.0-beta.12",
        "@girs/gnomedesktop-4.0": "^4.0.0-4.0.0-beta.12",
        "@girs/gobject-2.0": "^2.80.3-4.0.0-beta.12",
        "@girs/gtk-4.0": "^4.14.4-4.0.0-beta.12",
        "@girs/gvc-1.0": "^1.0.0-4.0.0-beta.12",
        "@girs/meta-14": "^14.0.0-4.0.0-beta.12",
        "@girs/mtk-14": "^14.0.0-4.0.0-beta.12",
        "@girs/polkit-1.0": "^1.0.0-4.0.0-beta.12",
        "@girs/shell-14": "^14.0.0-4.0.0-beta.12",
        "@girs/shew-0": "^0.0.0-4.0.0-beta.12",
        "@girs/st-14": "^14.0.0-4.0.0-beta.12",
        "@girs/upowerglib-1.0": "^0.99.1-4.0.0-beta.12"
      }
    },
    "node_modules/@girs/gnome-shell/node_modules/@girs/gio-2.0": {
      "version": "2.80.3-4.0.0-beta.15",
      "resolved": "https://registry.npmjs.org/@girs/gio-2.0/-/gio-2.0-2.80.3-4.0.0-beta.15.tgz",
      "integrity": "sha512-KxfB+pkmXeFzA/5MBCy+U2/lOLDrA4ct/oVf9mt3iwzJ+xthUNQq/GyN6krIzM+mWwD/itTDUa+f2nEvRHskrg==",
      "license": "MIT",
      "dependencies": {
        "@girs/gjs": "^4.0.0-beta.15",
        "@girs/glib-2.0": "^2.80.3-4.0.0-beta.15",
        "@girs/gobject-2.0": "^2.80.3-4.0.0-beta.15"
      }
    },
    "node_modules/@girs/gnome-shell/node_modules/@girs/glib-2.0": {
      "version": "2.80.3-4.0.0-beta.15",
      "resolved": "https://registry.npmjs.org/@girs/glib-2.0/-/glib-2.0-2.80.3-4.0.0-beta.15.tgz",
      "integrity": "sha512-v9UJ83i+zFnicPsjYhw54Q55DVQ6oqfmef4EKXvsfjKYZF7WiaUWVp/dGAIUzanR0FGbdme6myZRJvYZp9EHcA==",
      "license": "MIT",
      "dependencies": {
        "@girs/gjs": "^4.0.0-beta.15",
        "@girs/gobject-2.0": "^2.80.3-4.0.0-beta.15"
      }
    },
    "node_modules/@girs/gnome-shell/node_modules/@girs/gobject-2.0": {
      "version": "2.80.3-4.0.0-beta.15",
      "resolved": "https://registry.npmjs.org/@girs/gobject-2.0/-/gobject-2.0-2.80.3-4.0.0-beta.15.tgz",
      "integrity": "sha512-/t1B/aaEMEa/MCIeBc69RQBI+b0kdUyY27FWIPNoG8QOXB4DNe07O9N3p1w7+QDmqw8dkLJMFexfFwdQ+5LC9w==",
      "license": "MIT",
      "dependencies": {
        "@girs/gjs": "^4.0.0-beta.15",
        "@girs/glib-2.0": "^2.80.3-4.0.0-beta.15"
      }
    },
    "node_modules/@girs/gnomebg-4.0": {
      "version": "4.0.0-4.0.0-beta.16",
      "resolved": "https://registry.npmjs.org/@girs/gnomebg-4.0/-/gnomebg-4.0-4.0.0-4.0.0-beta.16.tgz",
      "integrity": "sha512-d7wcZhYQ6irP2QZWKtyOommi2mw5wA1QfAcor+GkJgui25lwOmPVCwQhYmLLrh6fOj7Ao85bsqEc4dPNlA3tKA==",
      "license": "MIT",
      "dependencies": {
        "@girs/cairo-1.0": "^1.0.0-4.0.0-beta.16",
        "@girs/freetype2-2.0": "^2.0.0-4.0.0-beta.16",
        "@girs/gdesktopenums-3.0": "^3.0.0-4.0.0-beta.16",
        "@girs/gdk-4.0": "^4.0.0-4.0.0-beta.16",
        "@girs/gdkpixbuf-2.0": "^2.0.0-4.0.0-beta.16",
        "@girs/gio-2.0": "^2.82.0-4.0.0-beta.16",
        "@girs/gjs": "^4.0.0-beta.16",
        "@girs/glib-2.0": "^2.82.0-4.0.0-beta.16",
        "@girs/gmodule-2.0": "^2.0.0-4.0.0-beta.16",
        "@girs/gnomedesktop-4.0": "^4.0.0-4.0.0-beta.16",
        "@girs/gobject-2.0": "^2.82.0-4.0.0-beta.16",
        "@girs/harfbuzz-0.0": "^9.0.0-4.0.0-beta.16",
        "@girs/pango-1.0": "^1.54.0-4.0.0-beta.16",
        "@girs/pangocairo-1.0": "^1.0.0-4.0.0-beta.16"
      }
    },
    "node_modules/@girs/gnomebluetooth-3.0": {
      "version": "3.0.0-4.0.0-beta.16",
      "resolved": "https://registry.npmjs.org/@girs/gnomebluetooth-3.0/-/gnomebluetooth-3.0-3.0.0-4.0.0-beta.16.tgz",
      "integrity": "sha512-dsimuEiDX7c1FhrZtNoE3h8OBy4izXtg8VsiOGz6bB3nGOi9sEf36UR1iRiz4CHXULgnRc/hV3WWtFHxSsxh0A==",
      "license": "MIT",
      "dependencies": {
        "@girs/gio-2.0": "^2.82.0-4.0.0-beta.16",
        "@girs/gjs": "^4.0.0-beta.16",
        "@girs/glib-2.0": "^2.82.0-4.0.0-beta.16",
        "@girs/gmodule-2.0": "^2.0.0-4.0.0-beta.16",
        "@girs/gobject-2.0": "^2.82.0-4.0.0-beta.16"
      }
    },
    "node_modules/@girs/gnomedesktop-4.0": {
      "version": "4.0.0-4.0.0-beta.16",
      "resolved": "https://registry.npmjs.org/@girs/gnomedesktop-4.0/-/gnomedesktop-4.0-4.0.0-4.0.0-beta.16.tgz",
      "integrity": "sha512-BMClBGEMlaRQtoGUdYWl2rrUGICGsCHbQE/8q03jDLd27PfqzezedcLuPeMS9ElddHRn4GG3SFkrDyo/oPyWKw==",
      "license": "MIT",
      "dependencies": {
        "@girs/gdesktopenums-3.0": "^3.0.0-4.0.0-beta.16",
        "@girs/gdkpixbuf-2.0": "^2.0.0-4.0.0-beta.16",
        "@girs/gio-2.0": "^2.82.0-4.0.0-beta.16",
        "@girs/gjs": "^4.0.0-beta.16",
        "@girs/glib-2.0": "^2.82.0-4.0.0-beta.16",
        "@girs/gmodule-2.0": "^2.0.0-4.0.0-beta.16",
        "@girs/gobject-2.0": "^2.82.0-4.0.0-beta.16"
      }
    },
    "node_modules/@girs/gobject-2.0": {
      "version": "2.82.0-4.0.0-beta.16",
      "resolved": "https://registry.npmjs.org/@girs/gobject-2.0/-/gobject-2.0-2.82.0-4.0.0-beta.16.tgz",
      "integrity": "sha512-ziBHUMSVuoHlzhZrMvuJDSZPOR4HzRW+nk35aI3QW9TpHtIYTk6vWvY0EG0+ylzJlltT9C/kzoVvspyMulBZ5g==",
      "license": "MIT",
      "dependencies": {
        "@girs/gjs": "^4.0.0-beta.16",
        "@girs/glib-2.0": "^2.82.0-4.0.0-beta.16"
      }
    },
    "node_modules/@girs/graphene-1.0": {
      "version": "1.0.0-4.0.0-beta.16",
      "resolved": "https://registry.npmjs.org/@girs/graphene-1.0/-/graphene-1.0-1.0.0-4.0.0-beta.16.tgz",
      "integrity": "sha512-OQ1TfBQNwL19fe4PfubJwWVaQGQ5LyBf/5cQnRWYvuLGARS6lNCoLs5+/fGuukO4mxJK5/3A7sfh1DiapC2D5g==",
      "license": "MIT",
      "dependencies": {
        "@girs/gjs": "^4.0.0-beta.16",
        "@girs/glib-2.0": "^2.82.0-4.0.0-beta.16",
        "@girs/gobject-2.0": "^2.82.0-4.0.0-beta.16"
      }
    },
    "node_modules/@girs/gsk-4.0": {
      "version": "4.0.0-4.0.0-beta.16",
      "resolved": "https://registry.npmjs.org/@girs/gsk-4.0/-/gsk-4.0-4.0.0-4.0.0-beta.16.tgz",
      "integrity": "sha512-dZB59dTMUJPiPj0Upy9DvaTTBAJ3b0c33kGuvZjsv8Lr4b+NGeCBouTCvBJYDWqNupuZKy2P/PjdsouJOLR4Jw==",
      "license": "MIT",
      "dependencies": {
        "@girs/cairo-1.0": "^1.0.0-4.0.0-beta.16",
        "@girs/freetype2-2.0": "^2.0.0-4.0.0-beta.16",
        "@girs/gdk-4.0": "^4.0.0-4.0.0-beta.16",
        "@girs/gdkpixbuf-2.0": "^2.0.0-4.0.0-beta.16",
        "@girs/gio-2.0": "^2.82.0-4.0.0-beta.16",
        "@girs/gjs": "^4.0.0-beta.16",
        "@girs/glib-2.0": "^2.82.0-4.0.0-beta.16",
        "@girs/gmodule-2.0": "^2.0.0-4.0.0-beta.16",
        "@girs/gobject-2.0": "^2.82.0-4.0.0-beta.16",
        "@girs/graphene-1.0": "^1.0.0-4.0.0-beta.16",
        "@girs/harfbuzz-0.0": "^9.0.0-4.0.0-beta.16",
        "@girs/pango-1.0": "^1.54.0-4.0.0-beta.16",
        "@girs/pangocairo-1.0": "^1.0.0-4.0.0-beta.16"
      }
    },
    "node_modules/@girs/gtk-4.0": {
      "version": "4.14.4-4.0.0-beta.14",
      "resolved": "https://registry.npmjs.org/@girs/gtk-4.0/-/gtk-4.0-4.14.4-4.0.0-beta.14.tgz",
      "integrity": "sha512-5mUEWq7PBuxfGL//VEgRY2+1OwUm6ll6qW1yJ55skfVJWEyQo6TfGRhbortxtSgCx0yvZh3c0XLbgjYxuZ4SgQ==",
      "license": "MIT",
      "dependencies": {
        "@girs/cairo-1.0": "^1.0.0-4.0.0-beta.14",
        "@girs/freetype2-2.0": "^2.0.0-4.0.0-beta.14",
        "@girs/gdk-4.0": "^4.0.0-4.0.0-beta.14",
        "@girs/gdkpixbuf-2.0": "^2.0.0-4.0.0-beta.14",
        "@girs/gio-2.0": "^2.80.3-4.0.0-beta.14",
        "@girs/gjs": "^4.0.0-beta.14",
        "@girs/glib-2.0": "^2.80.3-4.0.0-beta.14",
        "@girs/gmodule-2.0": "^2.0.0-4.0.0-beta.14",
        "@girs/gobject-2.0": "^2.80.3-4.0.0-beta.14",
        "@girs/graphene-1.0": "^1.0.0-4.0.0-beta.14",
        "@girs/gsk-4.0": "^4.0.0-4.0.0-beta.14",
        "@girs/harfbuzz-0.0": "^8.5.0-4.0.0-beta.14",
        "@girs/pango-1.0": "^1.54.0-4.0.0-beta.14",
        "@girs/pangocairo-1.0": "^1.0.0-4.0.0-beta.14"
      }
    },
    "node_modules/@girs/gtk-4.0/node_modules/@girs/gio-2.0": {
      "version": "2.80.3-4.0.0-beta.15",
      "resolved": "https://registry.npmjs.org/@girs/gio-2.0/-/gio-2.0-2.80.3-4.0.0-beta.15.tgz",
      "integrity": "sha512-KxfB+pkmXeFzA/5MBCy+U2/lOLDrA4ct/oVf9mt3iwzJ+xthUNQq/GyN6krIzM+mWwD/itTDUa+f2nEvRHskrg==",
      "license": "MIT",
      "dependencies": {
        "@girs/gjs": "^4.0.0-beta.15",
        "@girs/glib-2.0": "^2.80.3-4.0.0-beta.15",
        "@girs/gobject-2.0": "^2.80.3-4.0.0-beta.15"
      }
    },
    "node_modules/@girs/gtk-4.0/node_modules/@girs/glib-2.0": {
      "version": "2.80.3-4.0.0-beta.15",
      "resolved": "https://registry.npmjs.org/@girs/glib-2.0/-/glib-2.0-2.80.3-4.0.0-beta.15.tgz",
      "integrity": "sha512-v9UJ83i+zFnicPsjYhw54Q55DVQ6oqfmef4EKXvsfjKYZF7WiaUWVp/dGAIUzanR0FGbdme6myZRJvYZp9EHcA==",
      "license": "MIT",
      "dependencies": {
        "@girs/gjs": "^4.0.0-beta.15",
        "@girs/gobject-2.0": "^2.80.3-4.0.0-beta.15"
      }
    },
    "node_modules/@girs/gtk-4.0/node_modules/@girs/gobject-2.0": {
      "version": "2.80.3-4.0.0-beta.15",
      "resolved": "https://registry.npmjs.org/@girs/gobject-2.0/-/gobject-2.0-2.80.3-4.0.0-beta.15.tgz",
      "integrity": "sha512-/t1B/aaEMEa/MCIeBc69RQBI+b0kdUyY27FWIPNoG8QOXB4DNe07O9N3p1w7+QDmqw8dkLJMFexfFwdQ+5LC9w==",
      "license": "MIT",
      "dependencies": {
        "@girs/gjs": "^4.0.0-beta.15",
        "@girs/glib-2.0": "^2.80.3-4.0.0-beta.15"
      }
    },
    "node_modules/@girs/gtk-4.0/node_modules/@girs/harfbuzz-0.0": {
      "version": "8.5.0-4.0.0-beta.15",
      "resolved": "https://registry.npmjs.org/@girs/harfbuzz-0.0/-/harfbuzz-0.0-8.5.0-4.0.0-beta.15.tgz",
      "integrity": "sha512-GUVTmfWgNbc9EsoE9G8NuYBCLiIfj0BD07WfDKm2/vSJ7ZYEBNLnmva2pBj7JGqp565euEaTFf4aaGJAD5IN/g==",
      "license": "MIT",
      "dependencies": {
        "@girs/freetype2-2.0": "^2.0.0-4.0.0-beta.15",
        "@girs/gjs": "^4.0.0-beta.15",
        "@girs/glib-2.0": "^2.80.3-4.0.0-beta.15",
        "@girs/gobject-2.0": "^2.80.3-4.0.0-beta.15"
      }
    },
    "node_modules/@girs/gvc-1.0": {
      "version": "1.0.0-4.0.0-beta.16",
      "resolved": "https://registry.npmjs.org/@girs/gvc-1.0/-/gvc-1.0-1.0.0-4.0.0-beta.16.tgz",
      "integrity": "sha512-RTck6PZ3LLVWdZWtOAnWZSIBEnPQVKnZPuVhzIsW9lC/3WVxgjbkpewmhEyiotxWFoi0Df8lOxquyNDlmtpOWA==",
      "license": "MIT",
      "dependencies": {
        "@girs/gio-2.0": "^2.82.0-4.0.0-beta.16",
        "@girs/gjs": "^4.0.0-beta.16",
        "@girs/glib-2.0": "^2.82.0-4.0.0-beta.16",
        "@girs/gmodule-2.0": "^2.0.0-4.0.0-beta.16",
        "@girs/gobject-2.0": "^2.82.0-4.0.0-beta.16"
      }
    },
    "node_modules/@girs/harfbuzz-0.0": {
      "version": "9.0.0-4.0.0-beta.16",
      "resolved": "https://registry.npmjs.org/@girs/harfbuzz-0.0/-/harfbuzz-0.0-9.0.0-4.0.0-beta.16.tgz",
      "integrity": "sha512-ONBRGCdBj668eComG25kOZVDU6HqRZWHIA42YYlB0JxF6Dgtu52sLiDoGXh00gkpATqnFbHfkDJhiL9EowGgIQ==",
      "license": "MIT",
      "dependencies": {
        "@girs/freetype2-2.0": "^2.0.0-4.0.0-beta.16",
        "@girs/gjs": "^4.0.0-beta.16",
        "@girs/glib-2.0": "^2.82.0-4.0.0-beta.16",
        "@girs/gobject-2.0": "^2.82.0-4.0.0-beta.16"
      }
    },
    "node_modules/@girs/meta-14": {
      "version": "14.0.0-4.0.0-beta.16",
      "resolved": "https://registry.npmjs.org/@girs/meta-14/-/meta-14-14.0.0-4.0.0-beta.16.tgz",
      "integrity": "sha512-Vjm6hvuow0n8r3RQ6VSI68PW3Ep1B/LUwXK7zCV+yCtOhq4CagiX2hDF7XWoBoUzk5jnCRnlRk8EAEoVYvraCg==",
      "license": "MIT",
      "dependencies": {
        "@girs/atk-1.0": "^2.53.1-4.0.0-beta.16",
        "@girs/cairo-1.0": "^1.0.0-4.0.0-beta.16",
        "@girs/clutter-14": "^14.0.0-4.0.0-beta.16",
        "@girs/cogl-14": "^14.0.0-4.0.0-beta.16",
        "@girs/coglpango-14": "^14.0.0-4.0.0-beta.16",
        "@girs/freetype2-2.0": "^2.0.0-4.0.0-beta.16",
        "@girs/gdesktopenums-3.0": "^3.0.0-4.0.0-beta.16",
        "@girs/gio-2.0": "^2.82.0-4.0.0-beta.16",
        "@girs/gjs": "^4.0.0-beta.16",
        "@girs/gl-1.0": "^1.0.0-4.0.0-beta.16",
        "@girs/glib-2.0": "^2.82.0-4.0.0-beta.16",
        "@girs/gmodule-2.0": "^2.0.0-4.0.0-beta.16",
        "@girs/gobject-2.0": "^2.82.0-4.0.0-beta.16",
        "@girs/graphene-1.0": "^1.0.0-4.0.0-beta.16",
        "@girs/harfbuzz-0.0": "^9.0.0-4.0.0-beta.16",
        "@girs/mtk-14": "^14.0.0-4.0.0-beta.16",
        "@girs/pango-1.0": "^1.54.0-4.0.0-beta.16",
        "@girs/pangocairo-1.0": "^1.0.0-4.0.0-beta.16",
        "@girs/xfixes-4.0": "^4.0.0-4.0.0-beta.16",
        "@girs/xlib-2.0": "^2.0.0-4.0.0-beta.16"
      }
    },
    "node_modules/@girs/meta-14/node_modules/@girs/atk-1.0": {
      "version": "2.53.1-4.0.0-beta.16",
      "resolved": "https://registry.npmjs.org/@girs/atk-1.0/-/atk-1.0-2.53.1-4.0.0-beta.16.tgz",
      "integrity": "sha512-PqF8SK3zBqxeBcXbeimoio0+dGHoRrn1r/DI/CumLJbE9vgvG8G0E/5U7Y3ELNNRurOx4KLbpb1HmLAyTP3S3w==",
      "license": "MIT",
      "dependencies": {
        "@girs/gjs": "^4.0.0-beta.16",
        "@girs/glib-2.0": "^2.82.0-4.0.0-beta.16",
        "@girs/gobject-2.0": "^2.82.0-4.0.0-beta.16"
      }
    },
    "node_modules/@girs/mtk-14": {
      "version": "14.0.0-4.0.0-beta.16",
      "resolved": "https://registry.npmjs.org/@girs/mtk-14/-/mtk-14-14.0.0-4.0.0-beta.16.tgz",
      "integrity": "sha512-tTbPg0f1MgQ6etGNFPrNPcy/c6FY3KgmNr9atvqYX6naGLo6PJHtEqkAYRCgpJO8wK2Lwm+xyo6cSupi15B/8w==",
      "license": "MIT",
      "dependencies": {
        "@girs/gjs": "^4.0.0-beta.16",
        "@girs/glib-2.0": "^2.82.0-4.0.0-beta.16",
        "@girs/gobject-2.0": "^2.82.0-4.0.0-beta.16",
        "@girs/graphene-1.0": "^1.0.0-4.0.0-beta.16"
      }
    },
    "node_modules/@girs/nm-1.0": {
      "version": "1.49.4-4.0.0-beta.16",
      "resolved": "https://registry.npmjs.org/@girs/nm-1.0/-/nm-1.0-1.49.4-4.0.0-beta.16.tgz",
      "integrity": "sha512-870ukR0j0TLYCGocig3vzkQyGjF5fWEdddhx2LCNju+UXwZaXpgoTw7sVfac5vnS35KzauEugNLIi8FQ+F/qmw==",
      "license": "MIT",
      "dependencies": {
        "@girs/gio-2.0": "^2.82.0-4.0.0-beta.16",
        "@girs/gjs": "^4.0.0-beta.16",
        "@girs/glib-2.0": "^2.82.0-4.0.0-beta.16",
        "@girs/gmodule-2.0": "^2.0.0-4.0.0-beta.16",
        "@girs/gobject-2.0": "^2.82.0-4.0.0-beta.16"
      }
    },
    "node_modules/@girs/pango-1.0": {
      "version": "1.54.0-4.0.0-beta.16",
      "resolved": "https://registry.npmjs.org/@girs/pango-1.0/-/pango-1.0-1.54.0-4.0.0-beta.16.tgz",
      "integrity": "sha512-EY1/70Q1eZ8B3DlkB+QKgK4BLRM2B0sl8tZiHxy99H72Yl+DW2yqyXrG5mx5TxVfphd2hB5x3+vREej15XSgRQ==",
      "license": "MIT",
      "dependencies": {
        "@girs/cairo-1.0": "^1.0.0-4.0.0-beta.16",
        "@girs/freetype2-2.0": "^2.0.0-4.0.0-beta.16",
        "@girs/gio-2.0": "^2.82.0-4.0.0-beta.16",
        "@girs/gjs": "^4.0.0-beta.16",
        "@girs/glib-2.0": "^2.82.0-4.0.0-beta.16",
        "@girs/gmodule-2.0": "^2.0.0-4.0.0-beta.16",
        "@girs/gobject-2.0": "^2.82.0-4.0.0-beta.16",
        "@girs/harfbuzz-0.0": "^9.0.0-4.0.0-beta.16"
      }
    },
    "node_modules/@girs/pangocairo-1.0": {
      "version": "1.0.0-4.0.0-beta.16",
      "resolved": "https://registry.npmjs.org/@girs/pangocairo-1.0/-/pangocairo-1.0-1.0.0-4.0.0-beta.16.tgz",
      "integrity": "sha512-2UfGwcXmKs2ddODH3eNlCNDQdIBNmEXxAcZ3Ov0MNarzyN6yT+/loDWVUR69jFa3865OLBCXE5Pz7qrv+mQE8w==",
      "license": "MIT",
      "dependencies": {
        "@girs/cairo-1.0": "^1.0.0-4.0.0-beta.16",
        "@girs/freetype2-2.0": "^2.0.0-4.0.0-beta.16",
        "@girs/gio-2.0": "^2.82.0-4.0.0-beta.16",
        "@girs/gjs": "^4.0.0-beta.16",
        "@girs/glib-2.0": "^2.82.0-4.0.0-beta.16",
        "@girs/gmodule-2.0": "^2.0.0-4.0.0-beta.16",
        "@girs/gobject-2.0": "^2.82.0-4.0.0-beta.16",
        "@girs/harfbuzz-0.0": "^9.0.0-4.0.0-beta.16",
        "@girs/pango-1.0": "^1.54.0-4.0.0-beta.16"
      }
    },
    "node_modules/@girs/polkit-1.0": {
      "version": "1.0.0-4.0.0-beta.16",
      "resolved": "https://registry.npmjs.org/@girs/polkit-1.0/-/polkit-1.0-1.0.0-4.0.0-beta.16.tgz",
      "integrity": "sha512-nZNcGUki2BtYjWvGnON9EgIVYfEw6zJ4zt8I3FLPszaBhGR74X7U0qtvm8DPakVXPFdK04jK4hjfNNu/QiLrJw==",
      "license": "MIT",
      "dependencies": {
        "@girs/gio-2.0": "^2.82.0-4.0.0-beta.16",
        "@girs/gjs": "^4.0.0-beta.16",
        "@girs/glib-2.0": "^2.82.0-4.0.0-beta.16",
        "@girs/gmodule-2.0": "^2.0.0-4.0.0-beta.16",
        "@girs/gobject-2.0": "^2.82.0-4.0.0-beta.16"
      }
    },
    "node_modules/@girs/polkitagent-1.0": {
      "version": "1.0.0-4.0.0-beta.16",
      "resolved": "https://registry.npmjs.org/@girs/polkitagent-1.0/-/polkitagent-1.0-1.0.0-4.0.0-beta.16.tgz",
      "integrity": "sha512-/D3DzLpELixAkfbF1g87P4Xdx9yNg3t9B6MjI8GvDzC3G0GdbP6XAFS1fHslsm/NrHp0SOrASTt2gRTE+v9uUg==",
      "license": "MIT",
      "dependencies": {
        "@girs/gio-2.0": "^2.82.0-4.0.0-beta.16",
        "@girs/gjs": "^4.0.0-beta.16",
        "@girs/glib-2.0": "^2.82.0-4.0.0-beta.16",
        "@girs/gmodule-2.0": "^2.0.0-4.0.0-beta.16",
        "@girs/gobject-2.0": "^2.82.0-4.0.0-beta.16",
        "@girs/polkit-1.0": "^1.0.0-4.0.0-beta.16"
      }
    },
    "node_modules/@girs/shell-14": {
      "version": "14.0.0-4.0.0-beta.16",
      "resolved": "https://registry.npmjs.org/@girs/shell-14/-/shell-14-14.0.0-4.0.0-beta.16.tgz",
      "integrity": "sha512-LQZT7BgnQIZWgBWD0Zmrq1EhOaU41MtDxcrZ4ZdouiSjx5p6ovEr4MxwcOwWq5HG+V6VGFgMRNtwWqpPezT0pg==",
      "license": "MIT",
      "dependencies": {
        "@girs/atk-1.0": "^2.53.1-4.0.0-beta.16",
        "@girs/cairo-1.0": "^1.0.0-4.0.0-beta.16",
        "@girs/cally-14": "^14.0.0-4.0.0-beta.16",
        "@girs/clutter-14": "^14.0.0-4.0.0-beta.16",
        "@girs/cogl-14": "^14.0.0-4.0.0-beta.16",
        "@girs/coglpango-14": "^14.0.0-4.0.0-beta.16",
        "@girs/freetype2-2.0": "^2.0.0-4.0.0-beta.16",
        "@girs/gck-2": "^4.3.0-4.0.0-beta.16",
        "@girs/gcr-4": "^4.3.0-4.0.0-beta.16",
        "@girs/gdesktopenums-3.0": "^3.0.0-4.0.0-beta.16",
        "@girs/gdkpixbuf-2.0": "^2.0.0-4.0.0-beta.16",
        "@girs/gio-2.0": "^2.82.0-4.0.0-beta.16",
        "@girs/gjs": "^4.0.0-beta.16",
        "@girs/gl-1.0": "^1.0.0-4.0.0-beta.16",
        "@girs/glib-2.0": "^2.82.0-4.0.0-beta.16",
        "@girs/gmodule-2.0": "^2.0.0-4.0.0-beta.16",
        "@girs/gobject-2.0": "^2.82.0-4.0.0-beta.16",
        "@girs/graphene-1.0": "^1.0.0-4.0.0-beta.16",
        "@girs/gvc-1.0": "^1.0.0-4.0.0-beta.16",
        "@girs/harfbuzz-0.0": "^9.0.0-4.0.0-beta.16",
        "@girs/meta-14": "^14.0.0-4.0.0-beta.16",
        "@girs/mtk-14": "^14.0.0-4.0.0-beta.16",
        "@girs/nm-1.0": "^1.49.4-4.0.0-beta.16",
        "@girs/pango-1.0": "^1.54.0-4.0.0-beta.16",
        "@girs/pangocairo-1.0": "^1.0.0-4.0.0-beta.16",
        "@girs/polkit-1.0": "^1.0.0-4.0.0-beta.16",
        "@girs/polkitagent-1.0": "^1.0.0-4.0.0-beta.16",
        "@girs/st-14": "^14.0.0-4.0.0-beta.16",
        "@girs/xfixes-4.0": "^4.0.0-4.0.0-beta.16",
        "@girs/xlib-2.0": "^2.0.0-4.0.0-beta.16"
      }
    },
    "node_modules/@girs/shell-14/node_modules/@girs/atk-1.0": {
      "version": "2.53.1-4.0.0-beta.16",
      "resolved": "https://registry.npmjs.org/@girs/atk-1.0/-/atk-1.0-2.53.1-4.0.0-beta.16.tgz",
      "integrity": "sha512-PqF8SK3zBqxeBcXbeimoio0+dGHoRrn1r/DI/CumLJbE9vgvG8G0E/5U7Y3ELNNRurOx4KLbpb1HmLAyTP3S3w==",
      "license": "MIT",
      "dependencies": {
        "@girs/gjs": "^4.0.0-beta.16",
        "@girs/glib-2.0": "^2.82.0-4.0.0-beta.16",
        "@girs/gobject-2.0": "^2.82.0-4.0.0-beta.16"
      }
    },
    "node_modules/@girs/shew-0": {
      "version": "0.0.0-4.0.0-beta.16",
      "resolved": "https://registry.npmjs.org/@girs/shew-0/-/shew-0-0.0.0-4.0.0-beta.16.tgz",
      "integrity": "sha512-dHCjwR/gx3l3EOHK+xakqOlnH3DS2jYuEmm96FORKuk3SWnYh62rEFQF48ShjjO6VovVEgACyy3S+lW0KGm3fA==",
      "license": "MIT",
      "dependencies": {
        "@girs/cairo-1.0": "^1.0.0-4.0.0-beta.16",
        "@girs/freetype2-2.0": "^2.0.0-4.0.0-beta.16",
        "@girs/gdk-4.0": "^4.0.0-4.0.0-beta.16",
        "@girs/gdkpixbuf-2.0": "^2.0.0-4.0.0-beta.16",
        "@girs/gio-2.0": "^2.82.0-4.0.0-beta.16",
        "@girs/gjs": "^4.0.0-beta.16",
        "@girs/glib-2.0": "^2.82.0-4.0.0-beta.16",
        "@girs/gmodule-2.0": "^2.0.0-4.0.0-beta.16",
        "@girs/gobject-2.0": "^2.82.0-4.0.0-beta.16",
        "@girs/graphene-1.0": "^1.0.0-4.0.0-beta.16",
        "@girs/gsk-4.0": "^4.0.0-4.0.0-beta.16",
        "@girs/gtk-4.0": "^4.15.5-4.0.0-beta.16",
        "@girs/harfbuzz-0.0": "^9.0.0-4.0.0-beta.16",
        "@girs/pango-1.0": "^1.54.0-4.0.0-beta.16",
        "@girs/pangocairo-1.0": "^1.0.0-4.0.0-beta.16"
      }
    },
    "node_modules/@girs/shew-0/node_modules/@girs/gtk-4.0": {
      "version": "4.15.5-4.0.0-beta.16",
      "resolved": "https://registry.npmjs.org/@girs/gtk-4.0/-/gtk-4.0-4.15.5-4.0.0-beta.16.tgz",
      "integrity": "sha512-WRXMigOONl5BkVENUS+lOnUNZOcZE6BXO6OOJTUOfooPYtr2jJkzv/90ZmXvWtd8TGZTXbfxDnuTk1nShkiDRA==",
      "license": "MIT",
      "dependencies": {
        "@girs/cairo-1.0": "^1.0.0-4.0.0-beta.16",
        "@girs/freetype2-2.0": "^2.0.0-4.0.0-beta.16",
        "@girs/gdk-4.0": "^4.0.0-4.0.0-beta.16",
        "@girs/gdkpixbuf-2.0": "^2.0.0-4.0.0-beta.16",
        "@girs/gio-2.0": "^2.82.0-4.0.0-beta.16",
        "@girs/gjs": "^4.0.0-beta.16",
        "@girs/glib-2.0": "^2.82.0-4.0.0-beta.16",
        "@girs/gmodule-2.0": "^2.0.0-4.0.0-beta.16",
        "@girs/gobject-2.0": "^2.82.0-4.0.0-beta.16",
        "@girs/graphene-1.0": "^1.0.0-4.0.0-beta.16",
        "@girs/gsk-4.0": "^4.0.0-4.0.0-beta.16",
        "@girs/harfbuzz-0.0": "^9.0.0-4.0.0-beta.16",
        "@girs/pango-1.0": "^1.54.0-4.0.0-beta.16",
        "@girs/pangocairo-1.0": "^1.0.0-4.0.0-beta.16"
      }
    },
    "node_modules/@girs/st-14": {
      "version": "14.0.0-4.0.0-beta.16",
      "resolved": "https://registry.npmjs.org/@girs/st-14/-/st-14-14.0.0-4.0.0-beta.16.tgz",
      "integrity": "sha512-0sQASAYDkPp+3x7TVUcxAapEZK4KVhhchaYspMl2IxntsU+YhkgSzxXVUlvHD0eC6Xk6T3BunvJkOsP463SmZg==",
      "license": "MIT",
      "dependencies": {
        "@girs/atk-1.0": "^2.53.1-4.0.0-beta.16",
        "@girs/cairo-1.0": "^1.0.0-4.0.0-beta.16",
        "@girs/cally-14": "^14.0.0-4.0.0-beta.16",
        "@girs/clutter-14": "^14.0.0-4.0.0-beta.16",
        "@girs/cogl-14": "^14.0.0-4.0.0-beta.16",
        "@girs/coglpango-14": "^14.0.0-4.0.0-beta.16",
        "@girs/freetype2-2.0": "^2.0.0-4.0.0-beta.16",
        "@girs/gdesktopenums-3.0": "^3.0.0-4.0.0-beta.16",
        "@girs/gdkpixbuf-2.0": "^2.0.0-4.0.0-beta.16",
        "@girs/gio-2.0": "^2.82.0-4.0.0-beta.16",
        "@girs/gjs": "^4.0.0-beta.16",
        "@girs/gl-1.0": "^1.0.0-4.0.0-beta.16",
        "@girs/glib-2.0": "^2.82.0-4.0.0-beta.16",
        "@girs/gmodule-2.0": "^2.0.0-4.0.0-beta.16",
        "@girs/gobject-2.0": "^2.82.0-4.0.0-beta.16",
        "@girs/graphene-1.0": "^1.0.0-4.0.0-beta.16",
        "@girs/harfbuzz-0.0": "^9.0.0-4.0.0-beta.16",
        "@girs/meta-14": "^14.0.0-4.0.0-beta.16",
        "@girs/mtk-14": "^14.0.0-4.0.0-beta.16",
        "@girs/pango-1.0": "^1.54.0-4.0.0-beta.16",
        "@girs/pangocairo-1.0": "^1.0.0-4.0.0-beta.16",
        "@girs/xfixes-4.0": "^4.0.0-4.0.0-beta.16",
        "@girs/xlib-2.0": "^2.0.0-4.0.0-beta.16"
      }
    },
    "node_modules/@girs/st-14/node_modules/@girs/atk-1.0": {
      "version": "2.53.1-4.0.0-beta.16",
      "resolved": "https://registry.npmjs.org/@girs/atk-1.0/-/atk-1.0-2.53.1-4.0.0-beta.16.tgz",
      "integrity": "sha512-PqF8SK3zBqxeBcXbeimoio0+dGHoRrn1r/DI/CumLJbE9vgvG8G0E/5U7Y3ELNNRurOx4KLbpb1HmLAyTP3S3w==",
      "license": "MIT",
      "dependencies": {
        "@girs/gjs": "^4.0.0-beta.16",
        "@girs/glib-2.0": "^2.82.0-4.0.0-beta.16",
        "@girs/gobject-2.0": "^2.82.0-4.0.0-beta.16"
      }
    },
    "node_modules/@girs/upowerglib-1.0": {
      "version": "0.99.1-4.0.0-beta.15",
      "resolved": "https://registry.npmjs.org/@girs/upowerglib-1.0/-/upowerglib-1.0-0.99.1-4.0.0-beta.15.tgz",
      "integrity": "sha512-t7NL7XaUVWgh/DFFHdoI2e2dnsxu0NXH5j1EtNDN59RLwrENNIP4JCmVG87eJN5152RNdcZgf2UEONcpguFMzQ==",
      "license": "MIT",
      "dependencies": {
        "@girs/gio-2.0": "^2.80.3-4.0.0-beta.15",
        "@girs/gjs": "^4.0.0-beta.15",
        "@girs/glib-2.0": "^2.80.3-4.0.0-beta.15",
        "@girs/gobject-2.0": "^2.80.3-4.0.0-beta.15"
      }
    },
    "node_modules/@girs/upowerglib-1.0/node_modules/@girs/gio-2.0": {
      "version": "2.80.3-4.0.0-beta.15",
      "resolved": "https://registry.npmjs.org/@girs/gio-2.0/-/gio-2.0-2.80.3-4.0.0-beta.15.tgz",
      "integrity": "sha512-KxfB+pkmXeFzA/5MBCy+U2/lOLDrA4ct/oVf9mt3iwzJ+xthUNQq/GyN6krIzM+mWwD/itTDUa+f2nEvRHskrg==",
      "license": "MIT",
      "dependencies": {
        "@girs/gjs": "^4.0.0-beta.15",
        "@girs/glib-2.0": "^2.80.3-4.0.0-beta.15",
        "@girs/gobject-2.0": "^2.80.3-4.0.0-beta.15"
      }
    },
    "node_modules/@girs/upowerglib-1.0/node_modules/@girs/glib-2.0": {
      "version": "2.80.3-4.0.0-beta.15",
      "resolved": "https://registry.npmjs.org/@girs/glib-2.0/-/glib-2.0-2.80.3-4.0.0-beta.15.tgz",
      "integrity": "sha512-v9UJ83i+zFnicPsjYhw54Q55DVQ6oqfmef4EKXvsfjKYZF7WiaUWVp/dGAIUzanR0FGbdme6myZRJvYZp9EHcA==",
      "license": "MIT",
      "dependencies": {
        "@girs/gjs": "^4.0.0-beta.15",
        "@girs/gobject-2.0": "^2.80.3-4.0.0-beta.15"
      }
    },
    "node_modules/@girs/upowerglib-1.0/node_modules/@girs/gobject-2.0": {
      "version": "2.80.3-4.0.0-beta.15",
      "resolved": "https://registry.npmjs.org/@girs/gobject-2.0/-/gobject-2.0-2.80.3-4.0.0-beta.15.tgz",
      "integrity": "sha512-/t1B/aaEMEa/MCIeBc69RQBI+b0kdUyY27FWIPNoG8QOXB4DNe07O9N3p1w7+QDmqw8dkLJMFexfFwdQ+5LC9w==",
      "license": "MIT",
      "dependencies": {
        "@girs/gjs": "^4.0.0-beta.15",
        "@girs/glib-2.0": "^2.80.3-4.0.0-beta.15"
      }
    },
    "node_modules/@girs/xfixes-4.0": {
      "version": "4.0.0-4.0.0-beta.16",
      "resolved": "https://registry.npmjs.org/@girs/xfixes-4.0/-/xfixes-4.0-4.0.0-4.0.0-beta.16.tgz",
      "integrity": "sha512-p2fVJ2eBuLNY1kq+8p+g0DfCxEnZxG/WvWfRGEVOEwas951tyfTeixPKqeUTXWWlcck2m0Mcly7AL4nWKnFG6g==",
      "license": "MIT",
      "dependencies": {
        "@girs/gjs": "^4.0.0-beta.16",
        "@girs/gobject-2.0": "^2.82.0-4.0.0-beta.16"
      }
    },
    "node_modules/@girs/xlib-2.0": {
      "version": "2.0.0-4.0.0-beta.16",
      "resolved": "https://registry.npmjs.org/@girs/xlib-2.0/-/xlib-2.0-2.0.0-4.0.0-beta.16.tgz",
      "integrity": "sha512-3psJcqSWvPXBgWrLfNfbxuvY8LkNueGfy4xawSYovaxasS7QRKpU5QN83fdl6rV4NYfJ1DZnij0TdpXmvS3eWA==",
      "license": "MIT",
      "dependencies": {
        "@girs/gjs": "^4.0.0-beta.16",
        "@girs/gobject-2.0": "^2.82.0-4.0.0-beta.16"
      }
    },
    "node_modules/typescript": {
      "version": "5.6.2",
      "resolved": "https://registry.npmjs.org/typescript/-/typescript-5.6.2.tgz",
      "integrity": "sha512-NW8ByodCSNCwZeghjN3o+JX5OFH0Ojg6sadjEKY4huZ52TqbJTJnDo5+Tw98lSy63NZvi4n+ez5m2u5d4PkZyw==",
      "dev": true,
      "license": "Apache-2.0",
      "bin": {
        "tsc": "bin/tsc",
        "tsserver": "bin/tsserver"
      },
      "engines": {
        "node": ">=14.17"
      }
    }
  }
}
